
Microsoft Visual Studio Solution File, Format Version 12.00
# Visual Studio 15
VisualStudioVersion = 15.0.27130.2010
MinimumVisualStudioVersion = 10.0.40219.1
Project("{9A19103F-16F7-4668-BE54-9A1E7A4F7556}") = "TestCOneConnection", "TestCOneConnection.csproj", "{080DF12E-E079-4B3A-AFDF-C60D00C4B656}"
EndProject
Global
	GlobalSection(Performance) = preSolution
		HasPerformanceSessions = true
	EndGlobalSection
	GlobalSection(SolutionConfigurationPlatforms) = preSolution
		Debug|Any CPU = Debug|Any CPU
		Release|Any CPU = Release|Any CPU
	EndGlobalSection
	GlobalSection(ProjectConfigurationPlatforms) = postSolution
		{080DF12E-E079-4B3A-AFDF-C60D00C4B656}.Debug|Any CPU.ActiveCfg = Debug|Any CPU
		{080DF12E-E079-4B3A-AFDF-C60D00C4B656}.Debug|Any CPU.Build.0 = Debug|Any CPU
		{080DF12E-E079-4B3A-AFDF-C60D00C4B656}.Release|Any CPU.ActiveCfg = Release|Any CPU
		{080DF12E-E079-4B3A-AFDF-C60D00C4B656}.Release|Any CPU.Build.0 = Release|Any CPU
	EndGlobalSection
	GlobalSection(SolutionProperties) = preSolution
		HideSolutionNode = FALSE
	EndGlobalSection
	GlobalSection(ExtensibilityGlobals) = postSolution
		SolutionGuid = {BCAB60F6-7F5D-4B31-B654-F0E2FDFFADEA}
	EndGlobalSection
EndGlobal
